
Microsoft Visual Studio Solution File, Format Version 12.00
# Visual Studio 14
VisualStudioVersion = 14.0.25420.1
MinimumVisualStudioVersion = 10.0.40219.1
Project("{FAE04EC0-301F-11D3-BF4B-00C04F79EFBC}") = "WitsoftiVelocity", "MainProject\WitsoftiVelocity.csproj", "{766F0FF6-239E-42D6-AD7B-FCF1F270A66A}"
	ProjectSection(ProjectDependencies) = postProject
		{50A89034-2B2C-4BEB-8A0F-5C5AF2D7FECE} = {50A89034-2B2C-4BEB-8A0F-5C5AF2D7FECE}
		{49B88FFA-F02C-4709-BA65-9F8996444ECD} = {49B88FFA-F02C-4709-BA65-9F8996444ECD}
	EndProjectSection
EndProject
Project("{FAE04EC0-301F-11D3-BF4B-00C04F79EFBC}") = "NeoTabControlLibrary", "NeoTabControlLibrary\NeoTabControlLibrary.csproj", "{50A89034-2B2C-4BEB-8A0F-5C5AF2D7FECE}"
EndProject
Project("{FAE04EC0-301F-11D3-BF4B-00C04F79EFBC}") = "NeoTabControlLibrary.CommonObjects", "NeoTabControlLibrary.CommonObjects\NeoTabControlLibrary.CommonObjects.csproj", "{AB2D58CB-A132-4469-813A-52BB45008819}"
EndProject
Project("{FAE04EC0-301F-11D3-BF4B-00C04F79EFBC}") = "NeoTabControlClient", "NeoTabControlClient\NeoTabControlClient.csproj", "{4E2FC106-C8AC-4E13-BE4A-EA1373CC8765}"
EndProject
Project("{FAE04EC0-301F-11D3-BF4B-00C04F79EFBC}") = "NeoTabControlLibrary.Renderer.CCleaner", "NeoTabControlLibrary.Renderer.CCleaner\NeoTabControlLibrary.Renderer.CCleaner.csproj", "{E841DBF9-95B2-4BE5-9BF0-070CF92A0991}"
EndProject
Project("{FAE04EC0-301F-11D3-BF4B-00C04F79EFBC}") = "ToggleSwitch", "ToggleSwitch\ToggleSwitch.csproj", "{49B88FFA-F02C-4709-BA65-9F8996444ECD}"
EndProject
Project("{FAE04EC0-301F-11D3-BF4B-00C04F79EFBC}") = "LicenseTools", "LicenseTools\LicenseTools.csproj", "{7D0A1742-8462-47AD-9A63-ECC6DEF2AD4A}"
EndProject
Project("{FAE04EC0-301F-11D3-BF4B-00C04F79EFBC}") = "IconWithLable", "IconWithLable\IconWithLable.csproj", "{42BF28B1-4E3A-4945-9C5D-7263761B3CB4}"
EndProject
Project("{6141683F-8A12-4E36-9623-2EB02B2C2303}") = "SetupProject", "SetupProject\SetupProject.isproj", "{35BAF2E1-052C-415D-AB0E-7E26BE01042D}"
EndProject
Project("{FAE04EC0-301F-11D3-BF4B-00C04F79EFBC}") = "HardwareCodeGenTool", "HardwareCodeGenTool\HardwareCodeGenTool.csproj", "{79AE3182-64EF-41BA-B90C-35DAD47A85A4}"
EndProject
Project("{FAE04EC0-301F-11D3-BF4B-00C04F79EFBC}") = "LicenseGen", "LicenseGen\LicenseGen.csproj", "{AD1A577B-A057-4211-8D75-410BD0AC68B6}"
EndProject
Project("{FAE04EC0-301F-11D3-BF4B-00C04F79EFBC}") = "ConfigAddFile", "ConfigAddFile\ConfigAddFile.csproj", "{44ADDCDD-3932-415C-831E-DCD89DDA381C}"
EndProject
Global
	GlobalSection(SolutionConfigurationPlatforms) = preSolution
		CD_ROM|Any CPU = CD_ROM|Any CPU
		Debug|Any CPU = Debug|Any CPU
		DVD-5|Any CPU = DVD-5|Any CPU
		Release|Any CPU = Release|Any CPU
		SingleImage|Any CPU = SingleImage|Any CPU
	EndGlobalSection
	GlobalSection(ProjectConfigurationPlatforms) = postSolution
		{766F0FF6-239E-42D6-AD7B-FCF1F270A66A}.CD_ROM|Any CPU.ActiveCfg = Release|Any CPU
		{766F0FF6-239E-42D6-AD7B-FCF1F270A66A}.CD_ROM|Any CPU.Build.0 = Release|Any CPU
		{766F0FF6-239E-42D6-AD7B-FCF1F270A66A}.Debug|Any CPU.ActiveCfg = Debug|Any CPU
		{766F0FF6-239E-42D6-AD7B-FCF1F270A66A}.Debug|Any CPU.Build.0 = Debug|Any CPU
		{766F0FF6-239E-42D6-AD7B-FCF1F270A66A}.DVD-5|Any CPU.ActiveCfg = Debug|Any CPU
		{766F0FF6-239E-42D6-AD7B-FCF1F270A66A}.DVD-5|Any CPU.Build.0 = Debug|Any CPU
		{766F0FF6-239E-42D6-AD7B-FCF1F270A66A}.Release|Any CPU.ActiveCfg = Release|Any CPU
		{766F0FF6-239E-42D6-AD7B-FCF1F270A66A}.Release|Any CPU.Build.0 = Release|Any CPU
		{766F0FF6-239E-42D6-AD7B-FCF1F270A66A}.SingleImage|Any CPU.ActiveCfg = Release|Any CPU
		{766F0FF6-239E-42D6-AD7B-FCF1F270A66A}.SingleImage|Any CPU.Build.0 = Release|Any CPU
		{50A89034-2B2C-4BEB-8A0F-5C5AF2D7FECE}.CD_ROM|Any CPU.ActiveCfg = Release|Any CPU
		{50A89034-2B2C-4BEB-8A0F-5C5AF2D7FECE}.CD_ROM|Any CPU.Build.0 = Release|Any CPU
		{50A89034-2B2C-4BEB-8A0F-5C5AF2D7FECE}.Debug|Any CPU.ActiveCfg = Debug|Any CPU
		{50A89034-2B2C-4BEB-8A0F-5C5AF2D7FECE}.Debug|Any CPU.Build.0 = Debug|Any CPU
		{50A89034-2B2C-4BEB-8A0F-5C5AF2D7FECE}.DVD-5|Any CPU.ActiveCfg = Debug|Any CPU
		{50A89034-2B2C-4BEB-8A0F-5C5AF2D7FECE}.DVD-5|Any CPU.Build.0 = Debug|Any CPU
		{50A89034-2B2C-4BEB-8A0F-5C5AF2D7FECE}.Release|Any CPU.ActiveCfg = Release|Any CPU
		{50A89034-2B2C-4BEB-8A0F-5C5AF2D7FECE}.Release|Any CPU.Build.0 = Release|Any CPU
		{50A89034-2B2C-4BEB-8A0F-5C5AF2D7FECE}.SingleImage|Any CPU.ActiveCfg = Release|Any CPU
		{50A89034-2B2C-4BEB-8A0F-5C5AF2D7FECE}.SingleImage|Any CPU.Build.0 = Release|Any CPU
		{AB2D58CB-A132-4469-813A-52BB45008819}.CD_ROM|Any CPU.ActiveCfg = Release|Any CPU
		{AB2D58CB-A132-4469-813A-52BB45008819}.CD_ROM|Any CPU.Build.0 = Release|Any CPU
		{AB2D58CB-A132-4469-813A-52BB45008819}.Debug|Any CPU.ActiveCfg = Debug|Any CPU
		{AB2D58CB-A132-4469-813A-52BB45008819}.Debug|Any CPU.Build.0 = Debug|Any CPU
		{AB2D58CB-A132-4469-813A-52BB45008819}.DVD-5|Any CPU.ActiveCfg = Debug|Any CPU
		{AB2D58CB-A132-4469-813A-52BB45008819}.DVD-5|Any CPU.Build.0 = Debug|Any CPU
		{AB2D58CB-A132-4469-813A-52BB45008819}.Release|Any CPU.ActiveCfg = Release|Any CPU
		{AB2D58CB-A132-4469-813A-52BB45008819}.Release|Any CPU.Build.0 = Release|Any CPU
		{AB2D58CB-A132-4469-813A-52BB45008819}.SingleImage|Any CPU.ActiveCfg = Release|Any CPU
		{AB2D58CB-A132-4469-813A-52BB45008819}.SingleImage|Any CPU.Build.0 = Release|Any CPU
		{4E2FC106-C8AC-4E13-BE4A-EA1373CC8765}.CD_ROM|Any CPU.ActiveCfg = Release|Any CPU
		{4E2FC106-C8AC-4E13-BE4A-EA1373CC8765}.CD_ROM|Any CPU.Build.0 = Release|Any CPU
		{4E2FC106-C8AC-4E13-BE4A-EA1373CC8765}.Debug|Any CPU.ActiveCfg = Debug|Any CPU
		{4E2FC106-C8AC-4E13-BE4A-EA1373CC8765}.Debug|Any CPU.Build.0 = Debug|Any CPU
		{4E2FC106-C8AC-4E13-BE4A-EA1373CC8765}.DVD-5|Any CPU.ActiveCfg = Debug|Any CPU
		{4E2FC106-C8AC-4E13-BE4A-EA1373CC8765}.DVD-5|Any CPU.Build.0 = Debug|Any CPU
		{4E2FC106-C8AC-4E13-BE4A-EA1373CC8765}.Release|Any CPU.ActiveCfg = Release|Any CPU
		{4E2FC106-C8AC-4E13-BE4A-EA1373CC8765}.Release|Any CPU.Build.0 = Release|Any CPU
		{4E2FC106-C8AC-4E13-BE4A-EA1373CC8765}.SingleImage|Any CPU.ActiveCfg = Release|Any CPU
		{4E2FC106-C8AC-4E13-BE4A-EA1373CC8765}.SingleImage|Any CPU.Build.0 = Release|Any CPU
		{E841DBF9-95B2-4BE5-9BF0-070CF92A0991}.CD_ROM|Any CPU.ActiveCfg = Release|Any CPU
		{E841DBF9-95B2-4BE5-9BF0-070CF92A0991}.CD_ROM|Any CPU.Build.0 = Release|Any CPU
		{E841DBF9-95B2-4BE5-9BF0-070CF92A0991}.Debug|Any CPU.ActiveCfg = Debug|Any CPU
		{E841DBF9-95B2-4BE5-9BF0-070CF92A0991}.Debug|Any CPU.Build.0 = Debug|Any CPU
		{E841DBF9-95B2-4BE5-9BF0-070CF92A0991}.DVD-5|Any CPU.ActiveCfg = Debug|Any CPU
		{E841DBF9-95B2-4BE5-9BF0-070CF92A0991}.DVD-5|Any CPU.Build.0 = Debug|Any CPU
		{E841DBF9-95B2-4BE5-9BF0-070CF92A0991}.Release|Any CPU.ActiveCfg = Release|Any CPU
		{E841DBF9-95B2-4BE5-9BF0-070CF92A0991}.Release|Any CPU.Build.0 = Release|Any CPU
		{E841DBF9-95B2-4BE5-9BF0-070CF92A0991}.SingleImage|Any CPU.ActiveCfg = Release|Any CPU
		{E841DBF9-95B2-4BE5-9BF0-070CF92A0991}.SingleImage|Any CPU.Build.0 = Release|Any CPU
		{49B88FFA-F02C-4709-BA65-9F8996444ECD}.CD_ROM|Any CPU.ActiveCfg = Release|Any CPU
		{49B88FFA-F02C-4709-BA65-9F8996444ECD}.CD_ROM|Any CPU.Build.0 = Release|Any CPU
		{49B88FFA-F02C-4709-BA65-9F8996444ECD}.Debug|Any CPU.ActiveCfg = Debug|Any CPU
		{49B88FFA-F02C-4709-BA65-9F8996444ECD}.Debug|Any CPU.Build.0 = Debug|Any CPU
		{49B88FFA-F02C-4709-BA65-9F8996444ECD}.DVD-5|Any CPU.ActiveCfg = Debug|Any CPU
		{49B88FFA-F02C-4709-BA65-9F8996444ECD}.DVD-5|Any CPU.Build.0 = Debug|Any CPU
		{49B88FFA-F02C-4709-BA65-9F8996444ECD}.Release|Any CPU.ActiveCfg = Release|Any CPU
		{49B88FFA-F02C-4709-BA65-9F8996444ECD}.Release|Any CPU.Build.0 = Release|Any CPU
		{49B88FFA-F02C-4709-BA65-9F8996444ECD}.SingleImage|Any CPU.ActiveCfg = Release|Any CPU
		{49B88FFA-F02C-4709-BA65-9F8996444ECD}.SingleImage|Any CPU.Build.0 = Release|Any CPU
		{7D0A1742-8462-47AD-9A63-ECC6DEF2AD4A}.CD_ROM|Any CPU.ActiveCfg = Release|Any CPU
		{7D0A1742-8462-47AD-9A63-ECC6DEF2AD4A}.CD_ROM|Any CPU.Build.0 = Release|Any CPU
		{7D0A1742-8462-47AD-9A63-ECC6DEF2AD4A}.Debug|Any CPU.ActiveCfg = Debug|Any CPU
		{7D0A1742-8462-47AD-9A63-ECC6DEF2AD4A}.Debug|Any CPU.Build.0 = Debug|Any CPU
		{7D0A1742-8462-47AD-9A63-ECC6DEF2AD4A}.DVD-5|Any CPU.ActiveCfg = Debug|Any CPU
		{7D0A1742-8462-47AD-9A63-ECC6DEF2AD4A}.DVD-5|Any CPU.Build.0 = Debug|Any CPU
		{7D0A1742-8462-47AD-9A63-ECC6DEF2AD4A}.Release|Any CPU.ActiveCfg = Release|Any CPU
		{7D0A1742-8462-47AD-9A63-ECC6DEF2AD4A}.Release|Any CPU.Build.0 = Release|Any CPU
		{7D0A1742-8462-47AD-9A63-ECC6DEF2AD4A}.SingleImage|Any CPU.ActiveCfg = Release|Any CPU
		{7D0A1742-8462-47AD-9A63-ECC6DEF2AD4A}.SingleImage|Any CPU.Build.0 = Release|Any CPU
		{42BF28B1-4E3A-4945-9C5D-7263761B3CB4}.CD_ROM|Any CPU.ActiveCfg = Release|Any CPU
		{42BF28B1-4E3A-4945-9C5D-7263761B3CB4}.CD_ROM|Any CPU.Build.0 = Release|Any CPU
		{42BF28B1-4E3A-4945-9C5D-7263761B3CB4}.Debug|Any CPU.ActiveCfg = Debug|Any CPU
		{42BF28B1-4E3A-4945-9C5D-7263761B3CB4}.Debug|Any CPU.Build.0 = Debug|Any CPU
		{42BF28B1-4E3A-4945-9C5D-7263761B3CB4}.DVD-5|Any CPU.ActiveCfg = Debug|Any CPU
		{42BF28B1-4E3A-4945-9C5D-7263761B3CB4}.DVD-5|Any CPU.Build.0 = Debug|Any CPU
		{42BF28B1-4E3A-4945-9C5D-7263761B3CB4}.Release|Any CPU.ActiveCfg = Release|Any CPU
		{42BF28B1-4E3A-4945-9C5D-7263761B3CB4}.Release|Any CPU.Build.0 = Release|Any CPU
		{42BF28B1-4E3A-4945-9C5D-7263761B3CB4}.SingleImage|Any CPU.ActiveCfg = Release|Any CPU
		{42BF28B1-4E3A-4945-9C5D-7263761B3CB4}.SingleImage|Any CPU.Build.0 = Release|Any CPU
		{35BAF2E1-052C-415D-AB0E-7E26BE01042D}.CD_ROM|Any CPU.ActiveCfg = CD_ROM
		{35BAF2E1-052C-415D-AB0E-7E26BE01042D}.CD_ROM|Any CPU.Build.0 = CD_ROM
		{35BAF2E1-052C-415D-AB0E-7E26BE01042D}.Debug|Any CPU.ActiveCfg = DVD-5
		{35BAF2E1-052C-415D-AB0E-7E26BE01042D}.Debug|Any CPU.Build.0 = DVD-5
		{35BAF2E1-052C-415D-AB0E-7E26BE01042D}.DVD-5|Any CPU.ActiveCfg = DVD-5
		{35BAF2E1-052C-415D-AB0E-7E26BE01042D}.DVD-5|Any CPU.Build.0 = DVD-5
		{35BAF2E1-052C-415D-AB0E-7E26BE01042D}.Release|Any CPU.ActiveCfg = SingleImage
		{35BAF2E1-052C-415D-AB0E-7E26BE01042D}.Release|Any CPU.Build.0 = SingleImage
		{35BAF2E1-052C-415D-AB0E-7E26BE01042D}.SingleImage|Any CPU.ActiveCfg = SingleImage
		{35BAF2E1-052C-415D-AB0E-7E26BE01042D}.SingleImage|Any CPU.Build.0 = SingleImage
		{79AE3182-64EF-41BA-B90C-35DAD47A85A4}.CD_ROM|Any CPU.ActiveCfg = Release|Any CPU
		{79AE3182-64EF-41BA-B90C-35DAD47A85A4}.CD_ROM|Any CPU.Build.0 = Release|Any CPU
		{79AE3182-64EF-41BA-B90C-35DAD47A85A4}.Debug|Any CPU.ActiveCfg = Debug|Any CPU
		{79AE3182-64EF-41BA-B90C-35DAD47A85A4}.Debug|Any CPU.Build.0 = Debug|Any CPU
		{79AE3182-64EF-41BA-B90C-35DAD47A85A4}.DVD-5|Any CPU.ActiveCfg = Debug|Any CPU
		{79AE3182-64EF-41BA-B90C-35DAD47A85A4}.DVD-5|Any CPU.Build.0 = Debug|Any CPU
		{79AE3182-64EF-41BA-B90C-35DAD47A85A4}.Release|Any CPU.ActiveCfg = Release|Any CPU
		{79AE3182-64EF-41BA-B90C-35DAD47A85A4}.Release|Any CPU.Build.0 = Release|Any CPU
		{79AE3182-64EF-41BA-B90C-35DAD47A85A4}.SingleImage|Any CPU.ActiveCfg = Release|Any CPU
		{79AE3182-64EF-41BA-B90C-35DAD47A85A4}.SingleImage|Any CPU.Build.0 = Release|Any CPU
		{AD1A577B-A057-4211-8D75-410BD0AC68B6}.CD_ROM|Any CPU.ActiveCfg = Release|Any CPU
		{AD1A577B-A057-4211-8D75-410BD0AC68B6}.CD_ROM|Any CPU.Build.0 = Release|Any CPU
		{AD1A577B-A057-4211-8D75-410BD0AC68B6}.Debug|Any CPU.ActiveCfg = Debug|Any CPU
		{AD1A577B-A057-4211-8D75-410BD0AC68B6}.Debug|Any CPU.Build.0 = Debug|Any CPU
		{AD1A577B-A057-4211-8D75-410BD0AC68B6}.DVD-5|Any CPU.ActiveCfg = Debug|Any CPU
		{AD1A577B-A057-4211-8D75-410BD0AC68B6}.DVD-5|Any CPU.Build.0 = Debug|Any CPU
		{AD1A577B-A057-4211-8D75-410BD0AC68B6}.Release|Any CPU.ActiveCfg = Release|Any CPU
		{AD1A577B-A057-4211-8D75-410BD0AC68B6}.Release|Any CPU.Build.0 = Release|Any CPU
		{AD1A577B-A057-4211-8D75-410BD0AC68B6}.SingleImage|Any CPU.ActiveCfg = Release|Any CPU
		{AD1A577B-A057-4211-8D75-410BD0AC68B6}.SingleImage|Any CPU.Build.0 = Release|Any CPU
		{44ADDCDD-3932-415C-831E-DCD89DDA381C}.CD_ROM|Any CPU.ActiveCfg = Release|Any CPU
		{44ADDCDD-3932-415C-831E-DCD89DDA381C}.CD_ROM|Any CPU.Build.0 = Release|Any CPU
		{44ADDCDD-3932-415C-831E-DCD89DDA381C}.Debug|Any CPU.ActiveCfg = Debug|Any CPU
		{44ADDCDD-3932-415C-831E-DCD89DDA381C}.Debug|Any CPU.Build.0 = Debug|Any CPU
		{44ADDCDD-3932-415C-831E-DCD89DDA381C}.DVD-5|Any CPU.ActiveCfg = Debug|Any CPU
		{44ADDCDD-3932-415C-831E-DCD89DDA381C}.DVD-5|Any CPU.Build.0 = Debug|Any CPU
		{44ADDCDD-3932-415C-831E-DCD89DDA381C}.Release|Any CPU.ActiveCfg = Release|Any CPU
		{44ADDCDD-3932-415C-831E-DCD89DDA381C}.Release|Any CPU.Build.0 = Release|Any CPU
		{44ADDCDD-3932-415C-831E-DCD89DDA381C}.SingleImage|Any CPU.ActiveCfg = Release|Any CPU
		{44ADDCDD-3932-415C-831E-DCD89DDA381C}.SingleImage|Any CPU.Build.0 = Release|Any CPU
	EndGlobalSection
	GlobalSection(SolutionProperties) = preSolution
		HideSolutionNode = FALSE
	EndGlobalSection
EndGlobal
